
Microsoft Visual Studio Solution File, Format Version 12.00
# Visual Studio Version 17
VisualStudioVersion = 17.9.34622.214
MinimumVisualStudioVersion = 10.0.40219.1
Project("{9A19103F-16F7-4668-BE54-9A1E7A4F7556}") = "DurableFunction", "DurableFunction\DurableFunction.csproj", "{525A2E2D-4FD3-4B64-9BF8-2C04BE863934}"
EndProject
Project("{2150E333-8FDC-42A3-9474-1A3956D46DE8}") = "Solution Items", "Solution Items", "{73E4BB2A-44CF-43B1-8D95-C216DE9A5DDE}"
	ProjectSection(SolutionItems) = preProject
		README.md = README.md
	EndProjectSection
EndProject
Global
	GlobalSection(SolutionConfigurationPlatforms) = preSolution
		Debug|Any CPU = Debug|Any CPU
		Release|Any CPU = Release|Any CPU
	EndGlobalSection
	GlobalSection(ProjectConfigurationPlatforms) = postSolution
		{525A2E2D-4FD3-4B64-9BF8-2C04BE863934}.Debug|Any CPU.ActiveCfg = Debug|Any CPU
		{525A2E2D-4FD3-4B64-9BF8-2C04BE863934}.Debug|Any CPU.Build.0 = Debug|Any CPU
		{525A2E2D-4FD3-4B64-9BF8-2C04BE863934}.Release|Any CPU.ActiveCfg = Release|Any CPU
		{525A2E2D-4FD3-4B64-9BF8-2C04BE863934}.Release|Any CPU.Build.0 = Release|Any CPU
	EndGlobalSection
	GlobalSection(SolutionProperties) = preSolution
		HideSolutionNode = FALSE
	EndGlobalSection
	GlobalSection(ExtensibilityGlobals) = postSolution
		SolutionGuid = {84A1C460-C43D-4C67-885F-8CF584A9EC28}
	EndGlobalSection
EndGlobal
